
Microsoft Visual Studio Solution File, Format Version 12.00
# Visual Studio Version 17
VisualStudioVersion = 17.9.34728.123
MinimumVisualStudioVersion = 10.0.40219.1
Project("{9A19103F-16F7-4668-BE54-9A1E7A4F7556}") = "SignalRServer", "SignalRServer\SignalRServer.csproj", "{DE8E630D-FAF1-4A63-A2EA-869AE9B2BF61}"
EndProject
Project("{FAE04EC0-301F-11D3-BF4B-00C04F79EFBC}") = "MessageReceiver", "MessageReceiver\MessageReceiver.csproj", "{65E235ED-8463-4C32-A065-42CA6DBABEAA}"
EndProject
Project("{FAE04EC0-301F-11D3-BF4B-00C04F79EFBC}") = "SignalRReceiverWeb", "SignalRReceiverWeb\SignalRReceiverWeb.csproj", "{B89D169C-E78F-49AC-A367-B6DFD5EBCC94}"
EndProject
Project("{FAE04EC0-301F-11D3-BF4B-00C04F79EFBC}") = "Project.Shared", "Project.Shared\Project.Shared.csproj", "{27823998-BC22-406F-BA95-3B24B07A3973}"
EndProject
Global
	GlobalSection(SolutionConfigurationPlatforms) = preSolution
		Debug|Any CPU = Debug|Any CPU
		Release|Any CPU = Release|Any CPU
	EndGlobalSection
	GlobalSection(ProjectConfigurationPlatforms) = postSolution
		{DE8E630D-FAF1-4A63-A2EA-869AE9B2BF61}.Debug|Any CPU.ActiveCfg = Debug|Any CPU
		{DE8E630D-FAF1-4A63-A2EA-869AE9B2BF61}.Debug|Any CPU.Build.0 = Debug|Any CPU
		{DE8E630D-FAF1-4A63-A2EA-869AE9B2BF61}.Release|Any CPU.ActiveCfg = Release|Any CPU
		{DE8E630D-FAF1-4A63-A2EA-869AE9B2BF61}.Release|Any CPU.Build.0 = Release|Any CPU
		{65E235ED-8463-4C32-A065-42CA6DBABEAA}.Debug|Any CPU.ActiveCfg = Debug|Any CPU
		{65E235ED-8463-4C32-A065-42CA6DBABEAA}.Debug|Any CPU.Build.0 = Debug|Any CPU
		{65E235ED-8463-4C32-A065-42CA6DBABEAA}.Release|Any CPU.ActiveCfg = Release|Any CPU
		{65E235ED-8463-4C32-A065-42CA6DBABEAA}.Release|Any CPU.Build.0 = Release|Any CPU
		{B89D169C-E78F-49AC-A367-B6DFD5EBCC94}.Debug|Any CPU.ActiveCfg = Debug|Any CPU
		{B89D169C-E78F-49AC-A367-B6DFD5EBCC94}.Debug|Any CPU.Build.0 = Debug|Any CPU
		{B89D169C-E78F-49AC-A367-B6DFD5EBCC94}.Release|Any CPU.ActiveCfg = Release|Any CPU
		{B89D169C-E78F-49AC-A367-B6DFD5EBCC94}.Release|Any CPU.Build.0 = Release|Any CPU
		{27823998-BC22-406F-BA95-3B24B07A3973}.Debug|Any CPU.ActiveCfg = Debug|Any CPU
		{27823998-BC22-406F-BA95-3B24B07A3973}.Debug|Any CPU.Build.0 = Debug|Any CPU
		{27823998-BC22-406F-BA95-3B24B07A3973}.Release|Any CPU.ActiveCfg = Release|Any CPU
		{27823998-BC22-406F-BA95-3B24B07A3973}.Release|Any CPU.Build.0 = Release|Any CPU
	EndGlobalSection
	GlobalSection(SolutionProperties) = preSolution
		HideSolutionNode = FALSE
	EndGlobalSection
	GlobalSection(ExtensibilityGlobals) = postSolution
		SolutionGuid = {4CF9B0A1-1F38-4CFB-B3D8-08BB6EA3762E}
	EndGlobalSection
EndGlobal
